
Microsoft Visual Studio Solution File, Format Version 12.00
Project("{FAE04EC0-301F-11D3-BF4B-00C04F79EFBC}") = "Serilog.Sinks.WeCom", "Serilog.Sinks.WeCom\Serilog.Sinks.WeCom.csproj", "{A2EF09BE-687D-498A-A590-080AA39B223F}"
EndProject
Project("{FAE04EC0-301F-11D3-BF4B-00C04F79EFBC}") = "Serilog.Sinks.WeCom.Tests", "Serilog.Sinks.WeCom.Tests\Serilog.Sinks.WeCom.Tests.csproj", "{815F3FAA-2474-44BE-96EB-E6F02633748E}"
EndProject
Global
	GlobalSection(SolutionConfigurationPlatforms) = preSolution
		Debug|Any CPU = Debug|Any CPU
		Release|Any CPU = Release|Any CPU
	EndGlobalSection
	GlobalSection(ProjectConfigurationPlatforms) = postSolution
		{A2EF09BE-687D-498A-A590-080AA39B223F}.Debug|Any CPU.ActiveCfg = Debug|Any CPU
		{A2EF09BE-687D-498A-A590-080AA39B223F}.Debug|Any CPU.Build.0 = Debug|Any CPU
		{A2EF09BE-687D-498A-A590-080AA39B223F}.Release|Any CPU.ActiveCfg = Release|Any CPU
		{A2EF09BE-687D-498A-A590-080AA39B223F}.Release|Any CPU.Build.0 = Release|Any CPU
		{815F3FAA-2474-44BE-96EB-E6F02633748E}.Debug|Any CPU.ActiveCfg = Debug|Any CPU
		{815F3FAA-2474-44BE-96EB-E6F02633748E}.Debug|Any CPU.Build.0 = Debug|Any CPU
		{815F3FAA-2474-44BE-96EB-E6F02633748E}.Release|Any CPU.ActiveCfg = Release|Any CPU
		{815F3FAA-2474-44BE-96EB-E6F02633748E}.Release|Any CPU.Build.0 = Release|Any CPU
	EndGlobalSection
EndGlobal
